
Microsoft Visual Studio Solution File, Format Version 12.00
# Visual Studio Version 17
VisualStudioVersion = 17.4.33213.308
MinimumVisualStudioVersion = 10.0.40219.1
Project("{FAE04EC0-301F-11D3-BF4B-00C04F79EFBC}") = "Presentation", "Presentation\Presentation.csproj", "{2794AD6A-6181-4EB9-80D2-8E53FD25AAEA}"
EndProject
Project("{FAE04EC0-301F-11D3-BF4B-00C04F79EFBC}") = "Domain", "Domain\Domain.csproj", "{045E052C-AB66-4EC0-96D0-F0FDE33F536D}"
EndProject
Project("{FAE04EC0-301F-11D3-BF4B-00C04F79EFBC}") = "DataAccess", "DataAccess\DataAccess.csproj", "{1294766E-23E4-4C54-AB06-C2888AEFBF5A}"
EndProject
Global
	GlobalSection(SolutionConfigurationPlatforms) = preSolution
		Debug|Any CPU = Debug|Any CPU
		Release|Any CPU = Release|Any CPU
	EndGlobalSection
	GlobalSection(ProjectConfigurationPlatforms) = postSolution
		{2794AD6A-6181-4EB9-80D2-8E53FD25AAEA}.Debug|Any CPU.ActiveCfg = Debug|Any CPU
		{2794AD6A-6181-4EB9-80D2-8E53FD25AAEA}.Debug|Any CPU.Build.0 = Debug|Any CPU
		{2794AD6A-6181-4EB9-80D2-8E53FD25AAEA}.Release|Any CPU.ActiveCfg = Release|Any CPU
		{2794AD6A-6181-4EB9-80D2-8E53FD25AAEA}.Release|Any CPU.Build.0 = Release|Any CPU
		{045E052C-AB66-4EC0-96D0-F0FDE33F536D}.Debug|Any CPU.ActiveCfg = Debug|Any CPU
		{045E052C-AB66-4EC0-96D0-F0FDE33F536D}.Debug|Any CPU.Build.0 = Debug|Any CPU
		{045E052C-AB66-4EC0-96D0-F0FDE33F536D}.Release|Any CPU.ActiveCfg = Release|Any CPU
		{045E052C-AB66-4EC0-96D0-F0FDE33F536D}.Release|Any CPU.Build.0 = Release|Any CPU
		{1294766E-23E4-4C54-AB06-C2888AEFBF5A}.Debug|Any CPU.ActiveCfg = Debug|Any CPU
		{1294766E-23E4-4C54-AB06-C2888AEFBF5A}.Debug|Any CPU.Build.0 = Debug|Any CPU
		{1294766E-23E4-4C54-AB06-C2888AEFBF5A}.Release|Any CPU.ActiveCfg = Release|Any CPU
		{1294766E-23E4-4C54-AB06-C2888AEFBF5A}.Release|Any CPU.Build.0 = Release|Any CPU
	EndGlobalSection
	GlobalSection(SolutionProperties) = preSolution
		HideSolutionNode = FALSE
	EndGlobalSection
	GlobalSection(ExtensibilityGlobals) = postSolution
		SolutionGuid = {DD959062-9CA1-44A0-AD28-8A51C42462EE}
	EndGlobalSection
EndGlobal
